
Microsoft Visual Studio Solution File, Format Version 12.00
# Visual Studio Version 17
VisualStudioVersion = 17.9.34607.119
MinimumVisualStudioVersion = 10.0.40219.1
Project("{2150E333-8FDC-42A3-9474-1A3956D46DE8}") = "src", "src", "{6D64B317-3948-4E23-89F0-C887A6F37D0C}"
EndProject
Project("{9A19103F-16F7-4668-BE54-9A1E7A4F7556}") = "GodwitWHMS.Domain", "src\GodwitWHMS.Domain\GodwitWHMS.Domain.csproj", "{CC878ECD-7461-421B-AF88-4C7C7C2CCD1E}"
EndProject
Project("{9A19103F-16F7-4668-BE54-9A1E7A4F7556}") = "GodwitWHMS", "src\GodwitWHMS.Web\GodwitWHMS.csproj", "{5A5F68B2-F79D-4844-A29E-11A300AE0484}"
EndProject
Project("{9A19103F-16F7-4668-BE54-9A1E7A4F7556}") = "GodwitWHMS.Infrastructures", "src\GodwitWHMS.Infrastructures\GodwitWHMS.Infrastructures.csproj", "{83A293C9-CCA3-45FA-8456-15B4DCCE6FA1}"
EndProject
Project("{9A19103F-16F7-4668-BE54-9A1E7A4F7556}") = "GodwitWHMS.Applications", "src\GodwitWHMS.Applications\GodwitWHMS.Applications.csproj", "{351F1DBD-E10D-43D4-840E-B4B7B76F95AF}"
EndProject
Project("{9A19103F-16F7-4668-BE54-9A1E7A4F7556}") = "Godwit.Shared", "src\Godwit.Shared\Godwit.Shared.csproj", "{248943DF-35B0-4D9C-8626-A757BA03B6C5}"
EndProject
Project("{9A19103F-16F7-4668-BE54-9A1E7A4F7556}") = "Godwit.MAUI", "src\Godwit.MAUI\Godwit.MAUI.csproj", "{DA411EE4-EB3B-48A1-AF5C-B609DE0BE063}"
EndProject
Project("{9A19103F-16F7-4668-BE54-9A1E7A4F7556}") = "Godwit.Web", "src\Godwit.Web\Godwit.Web.csproj", "{CCF1BD11-635C-4E29-9BA6-5594EDF55D79}"
EndProject
Project("{9A19103F-16F7-4668-BE54-9A1E7A4F7556}") = "GodwitWHMS.BFF", "src\GodwitWHMS.BFF\GodwitWHMS.BFF.csproj", "{DF48B3BA-E1C1-4F52-8584-B1C583961F4E}"
EndProject
Project("{FAE04EC0-301F-11D3-BF4B-00C04F79EFBC}") = "GodwitWHMS.AppHost", "GodwitWHMS.AppHost\GodwitWHMS.AppHost.csproj", "{15A9F031-BD75-4FC4-9510-D55BCAFBEC63}"
EndProject
Project("{9A19103F-16F7-4668-BE54-9A1E7A4F7556}") = "GodwitWHMS.ServiceDefaults", "GodwitWHMS.ServiceDefaults\GodwitWHMS.ServiceDefaults.csproj", "{0C0A6EC1-9048-437A-98E1-608518D796E7}"
EndProject
Global
	GlobalSection(SolutionConfigurationPlatforms) = preSolution
		Debug|Any CPU = Debug|Any CPU
		Release|Any CPU = Release|Any CPU
	EndGlobalSection
	GlobalSection(ProjectConfigurationPlatforms) = postSolution
		{CC878ECD-7461-421B-AF88-4C7C7C2CCD1E}.Debug|Any CPU.ActiveCfg = Debug|Any CPU
		{CC878ECD-7461-421B-AF88-4C7C7C2CCD1E}.Debug|Any CPU.Build.0 = Debug|Any CPU
		{CC878ECD-7461-421B-AF88-4C7C7C2CCD1E}.Release|Any CPU.ActiveCfg = Release|Any CPU
		{CC878ECD-7461-421B-AF88-4C7C7C2CCD1E}.Release|Any CPU.Build.0 = Release|Any CPU
		{5A5F68B2-F79D-4844-A29E-11A300AE0484}.Debug|Any CPU.ActiveCfg = Debug|Any CPU
		{5A5F68B2-F79D-4844-A29E-11A300AE0484}.Debug|Any CPU.Build.0 = Debug|Any CPU
		{5A5F68B2-F79D-4844-A29E-11A300AE0484}.Release|Any CPU.ActiveCfg = Release|Any CPU
		{5A5F68B2-F79D-4844-A29E-11A300AE0484}.Release|Any CPU.Build.0 = Release|Any CPU
		{83A293C9-CCA3-45FA-8456-15B4DCCE6FA1}.Debug|Any CPU.ActiveCfg = Debug|Any CPU
		{83A293C9-CCA3-45FA-8456-15B4DCCE6FA1}.Debug|Any CPU.Build.0 = Debug|Any CPU
		{83A293C9-CCA3-45FA-8456-15B4DCCE6FA1}.Release|Any CPU.ActiveCfg = Release|Any CPU
		{83A293C9-CCA3-45FA-8456-15B4DCCE6FA1}.Release|Any CPU.Build.0 = Release|Any CPU
		{351F1DBD-E10D-43D4-840E-B4B7B76F95AF}.Debug|Any CPU.ActiveCfg = Debug|Any CPU
		{351F1DBD-E10D-43D4-840E-B4B7B76F95AF}.Debug|Any CPU.Build.0 = Debug|Any CPU
		{351F1DBD-E10D-43D4-840E-B4B7B76F95AF}.Release|Any CPU.ActiveCfg = Release|Any CPU
		{351F1DBD-E10D-43D4-840E-B4B7B76F95AF}.Release|Any CPU.Build.0 = Release|Any CPU
		{248943DF-35B0-4D9C-8626-A757BA03B6C5}.Debug|Any CPU.ActiveCfg = Debug|Any CPU
		{248943DF-35B0-4D9C-8626-A757BA03B6C5}.Debug|Any CPU.Build.0 = Debug|Any CPU
		{248943DF-35B0-4D9C-8626-A757BA03B6C5}.Release|Any CPU.ActiveCfg = Release|Any CPU
		{248943DF-35B0-4D9C-8626-A757BA03B6C5}.Release|Any CPU.Build.0 = Release|Any CPU
		{DA411EE4-EB3B-48A1-AF5C-B609DE0BE063}.Debug|Any CPU.ActiveCfg = Debug|Any CPU
		{DA411EE4-EB3B-48A1-AF5C-B609DE0BE063}.Debug|Any CPU.Build.0 = Debug|Any CPU
		{DA411EE4-EB3B-48A1-AF5C-B609DE0BE063}.Debug|Any CPU.Deploy.0 = Debug|Any CPU
		{DA411EE4-EB3B-48A1-AF5C-B609DE0BE063}.Release|Any CPU.ActiveCfg = Release|Any CPU
		{DA411EE4-EB3B-48A1-AF5C-B609DE0BE063}.Release|Any CPU.Build.0 = Release|Any CPU
		{DA411EE4-EB3B-48A1-AF5C-B609DE0BE063}.Release|Any CPU.Deploy.0 = Release|Any CPU
		{CCF1BD11-635C-4E29-9BA6-5594EDF55D79}.Debug|Any CPU.ActiveCfg = Debug|Any CPU
		{CCF1BD11-635C-4E29-9BA6-5594EDF55D79}.Debug|Any CPU.Build.0 = Debug|Any CPU
		{CCF1BD11-635C-4E29-9BA6-5594EDF55D79}.Release|Any CPU.ActiveCfg = Release|Any CPU
		{CCF1BD11-635C-4E29-9BA6-5594EDF55D79}.Release|Any CPU.Build.0 = Release|Any CPU
		{DF48B3BA-E1C1-4F52-8584-B1C583961F4E}.Debug|Any CPU.ActiveCfg = Debug|Any CPU
		{DF48B3BA-E1C1-4F52-8584-B1C583961F4E}.Debug|Any CPU.Build.0 = Debug|Any CPU
		{DF48B3BA-E1C1-4F52-8584-B1C583961F4E}.Release|Any CPU.ActiveCfg = Release|Any CPU
		{DF48B3BA-E1C1-4F52-8584-B1C583961F4E}.Release|Any CPU.Build.0 = Release|Any CPU
		{15A9F031-BD75-4FC4-9510-D55BCAFBEC63}.Debug|Any CPU.ActiveCfg = Debug|Any CPU
		{15A9F031-BD75-4FC4-9510-D55BCAFBEC63}.Debug|Any CPU.Build.0 = Debug|Any CPU
		{15A9F031-BD75-4FC4-9510-D55BCAFBEC63}.Release|Any CPU.ActiveCfg = Release|Any CPU
		{15A9F031-BD75-4FC4-9510-D55BCAFBEC63}.Release|Any CPU.Build.0 = Release|Any CPU
		{0C0A6EC1-9048-437A-98E1-608518D796E7}.Debug|Any CPU.ActiveCfg = Debug|Any CPU
		{0C0A6EC1-9048-437A-98E1-608518D796E7}.Debug|Any CPU.Build.0 = Debug|Any CPU
		{0C0A6EC1-9048-437A-98E1-608518D796E7}.Release|Any CPU.ActiveCfg = Release|Any CPU
		{0C0A6EC1-9048-437A-98E1-608518D796E7}.Release|Any CPU.Build.0 = Release|Any CPU
	EndGlobalSection
	GlobalSection(SolutionProperties) = preSolution
		HideSolutionNode = FALSE
	EndGlobalSection
	GlobalSection(NestedProjects) = preSolution
		{CC878ECD-7461-421B-AF88-4C7C7C2CCD1E} = {6D64B317-3948-4E23-89F0-C887A6F37D0C}
		{5A5F68B2-F79D-4844-A29E-11A300AE0484} = {6D64B317-3948-4E23-89F0-C887A6F37D0C}
		{83A293C9-CCA3-45FA-8456-15B4DCCE6FA1} = {6D64B317-3948-4E23-89F0-C887A6F37D0C}
		{351F1DBD-E10D-43D4-840E-B4B7B76F95AF} = {6D64B317-3948-4E23-89F0-C887A6F37D0C}
		{248943DF-35B0-4D9C-8626-A757BA03B6C5} = {6D64B317-3948-4E23-89F0-C887A6F37D0C}
		{DA411EE4-EB3B-48A1-AF5C-B609DE0BE063} = {6D64B317-3948-4E23-89F0-C887A6F37D0C}
		{CCF1BD11-635C-4E29-9BA6-5594EDF55D79} = {6D64B317-3948-4E23-89F0-C887A6F37D0C}
		{DF48B3BA-E1C1-4F52-8584-B1C583961F4E} = {6D64B317-3948-4E23-89F0-C887A6F37D0C}
	EndGlobalSection
	GlobalSection(ExtensibilityGlobals) = postSolution
		SolutionGuid = {5C32B8E8-F91C-4ECA-B876-5ED9EDD4E00E}
	EndGlobalSection
EndGlobal
